
Microsoft Visual Studio Solution File, Format Version 12.00
# Visual Studio 14
VisualStudioVersion = 14.0.24720.0
MinimumVisualStudioVersion = 10.0.40219.1
Project("{FAE04EC0-301F-11D3-BF4B-00C04F79EFBC}") = "RecruitmentSystem", "RecruitmentSystem\RecruitmentSystem.csproj", "{5AEECBBA-2E1B-4921-9B8F-1471EEE90628}"
EndProject
Project("{FAE04EC0-301F-11D3-BF4B-00C04F79EFBC}") = "RecruitmentSystem.Tests", "RecruitmentSystem.Tests\RecruitmentSystem.Tests.csproj", "{4F09735B-F69E-4EAC-AE06-25269746F77B}"
EndProject
Global
	GlobalSection(SolutionConfigurationPlatforms) = preSolution
		Debug|Any CPU = Debug|Any CPU
		Release|Any CPU = Release|Any CPU
	EndGlobalSection
	GlobalSection(ProjectConfigurationPlatforms) = postSolution
		{5AEECBBA-2E1B-4921-9B8F-1471EEE90628}.Debug|Any CPU.ActiveCfg = Debug|Any CPU
		{5AEECBBA-2E1B-4921-9B8F-1471EEE90628}.Debug|Any CPU.Build.0 = Debug|Any CPU
		{5AEECBBA-2E1B-4921-9B8F-1471EEE90628}.Release|Any CPU.ActiveCfg = Release|Any CPU
		{5AEECBBA-2E1B-4921-9B8F-1471EEE90628}.Release|Any CPU.Build.0 = Release|Any CPU
		{4F09735B-F69E-4EAC-AE06-25269746F77B}.Debug|Any CPU.ActiveCfg = Debug|Any CPU
		{4F09735B-F69E-4EAC-AE06-25269746F77B}.Debug|Any CPU.Build.0 = Debug|Any CPU
		{4F09735B-F69E-4EAC-AE06-25269746F77B}.Release|Any CPU.ActiveCfg = Release|Any CPU
		{4F09735B-F69E-4EAC-AE06-25269746F77B}.Release|Any CPU.Build.0 = Release|Any CPU
	EndGlobalSection
	GlobalSection(SolutionProperties) = preSolution
		HideSolutionNode = FALSE
	EndGlobalSection
EndGlobal
